
Microsoft Visual Studio Solution File, Format Version 12.00
# Visual Studio Version 17
VisualStudioVersion = 17.6.33723.286
MinimumVisualStudioVersion = 10.0.40219.1
Project("{8BC9CEB8-8B4A-11D0-8D11-00A0C91BC942}") = "key_board_music_hook", "key_board_music_hook.vcxproj", "{58A40D55-8877-4D05-AA0D-971BE4E70192}"
EndProject
Global
	GlobalSection(SolutionConfigurationPlatforms) = preSolution
		Debug|x64 = Debug|x64
		Debug|x86 = Debug|x86
		Release|x64 = Release|x64
		Release|x86 = Release|x86
	EndGlobalSection
	GlobalSection(ProjectConfigurationPlatforms) = postSolution
		{58A40D55-8877-4D05-AA0D-971BE4E70192}.Debug|x64.ActiveCfg = Debug|x64
		{58A40D55-8877-4D05-AA0D-971BE4E70192}.Debug|x64.Build.0 = Debug|x64
		{58A40D55-8877-4D05-AA0D-971BE4E70192}.Debug|x86.ActiveCfg = Debug|Win32
		{58A40D55-8877-4D05-AA0D-971BE4E70192}.Debug|x86.Build.0 = Debug|Win32
		{58A40D55-8877-4D05-AA0D-971BE4E70192}.Release|x64.ActiveCfg = Release|x64
		{58A40D55-8877-4D05-AA0D-971BE4E70192}.Release|x64.Build.0 = Release|x64
		{58A40D55-8877-4D05-AA0D-971BE4E70192}.Release|x86.ActiveCfg = Release|Win32
		{58A40D55-8877-4D05-AA0D-971BE4E70192}.Release|x86.Build.0 = Release|Win32
	EndGlobalSection
	GlobalSection(SolutionProperties) = preSolution
		HideSolutionNode = FALSE
	EndGlobalSection
	GlobalSection(ExtensibilityGlobals) = postSolution
		SolutionGuid = {2FEE9FC4-E29C-4BFF-B2BE-C623CFC14A60}
	EndGlobalSection
EndGlobal
